{
  "nodes": {
    "keepassxc-src": {
      "flake": false,
      "locked": {
        "lastModified": 1789246320,
        "narHash": "sha256-XSu6diHoT7oKNnsDF1Y7GxaOyZML5wdnHFsUzPyRm1g=",
        "owner": "qsdrqs",
        "repo": "keepassxc",
        "rev": "321edd28451f733c5ae7957fe804580b30d224ec",
        "type": "github"
      },
      "original": {
        "owner": "qsdrqs",
        "ref": "fido2-local-unlock",
        "repo": "keepassxc",
        "type": "github"
      }
    },
    "nixpkgs": {
      "locked": {
        "lastModified": 1789149629,
        "narHash": "sha256-H6GwaZzZf+4npqv0tph94w9tZddSjFjmQrVsW0z78uk=",
        "owner": "NixOS",
        "repo": "nixpkgs",
        "rev": "eaad089433ca2bb662274377d33df3d0e51ef28b",
        "type": "github"
      },
      "original": {
        "owner": "NixOS",
        "ref": "nixos-unstable",
        "repo": "nixpkgs",
        "type": "github"
      }
    },
    "root": {
      "inputs": {
        "keepassxc-src": "keepassxc-src",
        "nixpkgs": "nixpkgs"
      }
    }
  },
  "root": "root",
  "version": 7
}
