{
  "nodes": {
    "keepassxc-src": {
      "flake": false,
      "locked": {
        "lastModified": 1790891505,
        "narHash": "sha256-oD8U/64OYmX9If7QjJlR0YEK121iT3BUoxBbN7/OMFo=",
        "owner": "qsdrqs",
        "repo": "keepassxc",
        "rev": "3e760de6e260ce4dcc188862596a6464c407edd9",
        "type": "github"
      },
      "original": {
        "owner": "qsdrqs",
        "ref": "fido2-local-unlock",
        "repo": "keepassxc",
        "type": "github"
      }
    },
    "nixpkgs": {
      "locked": {
        "lastModified": 1790822859,
        "narHash": "sha256-69xHQhAeMAD2wDXO7T2pcOZIF9Sga2W+JkmY2a11Ops=",
        "owner": "NixOS",
        "repo": "nixpkgs",
        "rev": "c59305bab2065cfecc4944690d9eedbb56f3a9fa",
        "type": "github"
      },
      "original": {
        "owner": "NixOS",
        "ref": "nixos-unstable",
        "repo": "nixpkgs",
        "type": "github"
      }
    },
    "root": {
      "inputs": {
        "keepassxc-src": "keepassxc-src",
        "nixpkgs": "nixpkgs"
      }
    }
  },
  "root": "root",
  "version": 7
}
